{
    "_meta": {
        "hash": {
            "sha256": "383894e74739f3acdc98786768df8819f77956a637d0088f65742821eed00752"
        },
        "pipfile-spec": 6,
        "requires": {
            "python_version": "3.10"
        },
        "sources": [
            {
                "name": "pypi",
                "url": "https://pypi.org/simple",
                "verify_ssl": true
            }
        ]
    },
    "default": {
        "dnspython": {
            "hashes": [
                "sha256:0f7569a4a6ff151958b64304071d370daa3243d15941a7beedf0c9fe5105603e",
                "sha256:a851e51367fb93e9e1361732c1d60dab63eff98712e503ea7d92e6eccb109b4f"
            ],
            "markers": "python_version >= '3.6' and python_version < '4.0'",
            "version": "==2.2.1"
        },
        "email-validator": {
            "hashes": [
                "sha256:6757aea012d40516357c0ac2b1a4c31219ab2f899d26831334c5d069e8b6c3d8",
                "sha256:c8589e691cf73eb99eed8d10ce0e9cbb05a0886ba920c8bcb7c82873f4c5789c"
            ],
            "index": "pypi",
            "version": "==1.2.1"
        },
        "idna": {
            "hashes": [
                "sha256:84d9dd047ffa80596e0f246e2eab0b391788b0503584e8945f2368256d2735ff",
                "sha256:9d643ff0a55b762d5cdb124b8eaa99c66322e2157b69160bc32796e824360e6d"
            ],
            "markers": "python_version >= '3.5'",
            "version": "==3.3"
        }
    },
    "develop": {}
}
